{
    "_readme": [
        "This file locks the dependencies of your project to a known state",
        "Read more about it at https://getcomposer.org/doc/01-basic-usage.md#composer-lock-the-lock-file",
        "This file is @generated automatically"
    ],
    "content-hash": "aa26dba34e0a62607b5dadf82efdbbf6",
    "packages": [
        {
            "name": "digitalbazaar/json-ld",
            "version": "0.4.7",
            "source": {
                "type": "git",
                "url": "https://github.com/digitalbazaar/php-json-ld.git",
                "reference": "dc1bd23f0ee2efd27ccf636d32d2738dabcee182"
            },
            "dist": {
                "type": "zip",
                "url": "https://api.github.com/repos/digitalbazaar/php-json-ld/zipball/dc1bd23f0ee2efd27ccf636d32d2738dabcee182",
                "reference": "dc1bd23f0ee2efd27ccf636d32d2738dabcee182",
                "shasum": ""
            },
            "require": {
                "ext-json": "*",
                "php": ">=5.3.0"
            },
            "type": "library",
            "autoload": {
                "files": [
                    "jsonld.php"
                ]
            },
            "notification-url": "https://packagist.org/downloads/",
            "license": [
                "BSD-3-Clause"
            ],
            "authors": [
                {
                    "name": "Digital Bazaar, Inc.",
                    "email": "support@digitalbazaar.com"
                }
            ],
            "description": "A JSON-LD Processor and API implementation in PHP.",
            "homepage": "https://github.com/digitalbazaar/php-json-ld",
            "keywords": [
                "JSON-LD",
                "Linked Data",
                "RDF",
                "Semantic Web",
                "json",
                "jsonld"
            ],
            "time": "2016-04-25T04:17:52+00:00"
        },
        {
            "name": "phalcon/breadcrumbs",
            "version": "v1.4.2",
            "source": {
                "type": "git",
                "url": "https://github.com/sergeyklay/breadcrumbs.git",
                "reference": "a363319536bd23722d95bcc63a1db00562ff3ee5"
            },
            "dist": {
                "type": "zip",
                "url": "https://api.github.com/repos/sergeyklay/breadcrumbs/zipball/a363319536bd23722d95bcc63a1db00562ff3ee5",
                "reference": "a363319536bd23722d95bcc63a1db00562ff3ee5",
                "shasum": ""
            },
            "require": {
                "ext-phalcon": ">=2.0 <4.0",
                "php": ">= 5.5 <8.0"
            },
            "conflict": {
                "phalcon/breadcrumbs": "*"
            },
            "type": "library",
            "autoload": {
                "psr-4": {
                    "Phalcon\\": "src/"
                }
            },
            "notification-url": "https://packagist.org/downloads/",
            "license": [
                "BSD-3-Clause"
            ],
            "authors": [
                {
                    "name": "Serghei Iakovlev",
                    "email": "serghei@phalcon.io"
                },
                {
                    "name": "Contributors",
                    "homepage": "https://github.com/sergeyklay/breadcrumbs/graphs/contributors"
                }
            ],
            "description": "Powerful and flexible component for building site breadcrumbs in Phalcon 2+.",
            "homepage": "https://github.com/sergeyklay/breadcrumbs",
            "keywords": [
                "breadcrumbs",
                "crumbs",
                "phalcon"
            ],
            "abandoned": "sergeyklay/breadcrumbs",
            "time": "2019-09-26T15:12:16+00:00"
        },
        {
            "name": "simple-html-dom/simple-html-dom",
            "version": "1.5.0",
            "source": {
                "type": "git",
                "url": "https://github.com/miclf/simple-html-dom.git",
                "reference": "961610576c460546677a635062e9d3d7b6dab745"
            },
            "dist": {
                "type": "zip",
                "url": "https://api.github.com/repos/miclf/simple-html-dom/zipball/961610576c460546677a635062e9d3d7b6dab745",
                "reference": "961610576c460546677a635062e9d3d7b6dab745",
                "shasum": ""
            },
            "type": "library",
            "notification-url": "https://packagist.org/downloads/",
            "license": [
                "MIT"
            ],
            "authors": [
                {
                    "name": "S.C. Chen",
                    "email": "me578022@gmail.com"
                }
            ],
            "description": "A copy of the PHP Simple HTML DOM Parser project.",
            "time": "2013-05-14T22:27:35+00:00"
        },
        {
            "name": "zaininnari/html-minifier",
            "version": "0.4.2",
            "source": {
                "type": "git",
                "url": "https://github.com/zaininnari/html-minifier.git",
                "reference": "5b94d85705626f9bb33b7c667bc4400088ed4ece"
            },
            "dist": {
                "type": "zip",
                "url": "https://api.github.com/repos/zaininnari/html-minifier/zipball/5b94d85705626f9bb33b7c667bc4400088ed4ece",
                "reference": "5b94d85705626f9bb33b7c667bc4400088ed4ece",
                "shasum": ""
            },
            "require": {
                "php": ">=5.3.0"
            },
            "require-dev": {
                "satooshi/php-coveralls": "dev-master"
            },
            "type": "library",
            "autoload": {
                "psr-0": {
                    "zz": "src/"
                }
            },
            "notification-url": "https://packagist.org/downloads/",
            "license": [
                "The BSD 3-Clause License"
            ],
            "authors": [
                {
                    "name": "Google inc",
                    "homepage": "http://www.chromium.org/blink",
                    "role": "Author"
                },
                {
                    "name": "zaininnari",
                    "homepage": "https://github.com/zaininnari/",
                    "role": "Developer"
                }
            ],
            "description": "The Blink HTMLTokenizer ported to PHP.",
            "homepage": "https://github.com/zaininnari/html-minifier",
            "keywords": [
                "Blink",
                "HTML minify",
                "php"
            ],
            "time": "2015-08-18T14:10:55+00:00"
        }
    ],
    "packages-dev": [],
    "aliases": [],
    "minimum-stability": "stable",
    "stability-flags": [],
    "prefer-stable": false,
    "prefer-lowest": false,
    "platform": [],
    "platform-dev": []
}
